
Microsoft Visual Studio Solution File, Format Version 12.00
# Visual Studio Version 17
VisualStudioVersion = 17.9.34728.123
MinimumVisualStudioVersion = 10.0.40219.1
Project("{FAE04EC0-301F-11D3-BF4B-00C04F79EFBC}") = "Back.Interview", "Back.Interview\Back.Interview.csproj", "{4670387E-07F4-4937-8CAC-B74987E05C9F}"
EndProject
Project("{FAE04EC0-301F-11D3-BF4B-00C04F79EFBC}") = "Back.Interview.Infrastructure", "Back.Interview.Infrastructure\Back.Interview.Infrastructure.csproj", "{AEDFA170-15A9-404D-BDE1-2157D0C6A4D8}"
EndProject
Project("{FAE04EC0-301F-11D3-BF4B-00C04F79EFBC}") = "Back.Interview.Domain", "Back.Interview.Domain\Back.Interview.Domain.csproj", "{A0464920-F49F-4F84-82D2-16A007EC608E}"
EndProject
Project("{FAE04EC0-301F-11D3-BF4B-00C04F79EFBC}") = "Back.Interview.Repository", "Back.Interview.Repository\Back.Interview.Repository.csproj", "{45FDF715-2936-4DC3-9093-812D366EF11F}"
EndProject
Global
	GlobalSection(SolutionConfigurationPlatforms) = preSolution
		Debug|Any CPU = Debug|Any CPU
		Release|Any CPU = Release|Any CPU
	EndGlobalSection
	GlobalSection(ProjectConfigurationPlatforms) = postSolution
		{4670387E-07F4-4937-8CAC-B74987E05C9F}.Debug|Any CPU.ActiveCfg = Debug|Any CPU
		{4670387E-07F4-4937-8CAC-B74987E05C9F}.Debug|Any CPU.Build.0 = Debug|Any CPU
		{4670387E-07F4-4937-8CAC-B74987E05C9F}.Release|Any CPU.ActiveCfg = Release|Any CPU
		{4670387E-07F4-4937-8CAC-B74987E05C9F}.Release|Any CPU.Build.0 = Release|Any CPU
		{AEDFA170-15A9-404D-BDE1-2157D0C6A4D8}.Debug|Any CPU.ActiveCfg = Debug|Any CPU
		{AEDFA170-15A9-404D-BDE1-2157D0C6A4D8}.Debug|Any CPU.Build.0 = Debug|Any CPU
		{AEDFA170-15A9-404D-BDE1-2157D0C6A4D8}.Release|Any CPU.ActiveCfg = Release|Any CPU
		{AEDFA170-15A9-404D-BDE1-2157D0C6A4D8}.Release|Any CPU.Build.0 = Release|Any CPU
		{A0464920-F49F-4F84-82D2-16A007EC608E}.Debug|Any CPU.ActiveCfg = Debug|Any CPU
		{A0464920-F49F-4F84-82D2-16A007EC608E}.Debug|Any CPU.Build.0 = Debug|Any CPU
		{A0464920-F49F-4F84-82D2-16A007EC608E}.Release|Any CPU.ActiveCfg = Release|Any CPU
		{A0464920-F49F-4F84-82D2-16A007EC608E}.Release|Any CPU.Build.0 = Release|Any CPU
		{45FDF715-2936-4DC3-9093-812D366EF11F}.Debug|Any CPU.ActiveCfg = Debug|Any CPU
		{45FDF715-2936-4DC3-9093-812D366EF11F}.Debug|Any CPU.Build.0 = Debug|Any CPU
		{45FDF715-2936-4DC3-9093-812D366EF11F}.Release|Any CPU.ActiveCfg = Release|Any CPU
		{45FDF715-2936-4DC3-9093-812D366EF11F}.Release|Any CPU.Build.0 = Release|Any CPU
	EndGlobalSection
	GlobalSection(SolutionProperties) = preSolution
		HideSolutionNode = FALSE
	EndGlobalSection
	GlobalSection(ExtensibilityGlobals) = postSolution
		SolutionGuid = {D056BBCF-265B-4E69-8758-765F78458E44}
	EndGlobalSection
EndGlobal
